PODS:
  - Bolts/Tasks (1.3.0)
  - FoldingTabBar (1.0.1)
  - NDCollapsiveDatePicker (0.1.1)
  - Parse (1.9.0):
    - Bolts/Tasks (>= 1.3.0)
  - RMActionController (1.0.4)
  - RMPickerViewController (2.0.1):
    - RMActionController (~> 1.0.0)
  - XCDYouTubeKit (2.3.2)

DEPENDENCIES:
  - FoldingTabBar (~> 1.0)
  - NDCollapsiveDatePicker (~> 0.1)
  - Parse (~> 1.9)
  - RMPickerViewController (~> 2.0)
  - XCDYouTubeKit (~> 2.3)

SPEC CHECKSUMS:
  Bolts: 805a4a87413e49d4a0c2b7d469084cbc46b09342
  FoldingTabBar: 3e04c49dbe2b02c529561a4182bf017b928d04d2
  NDCollapsiveDatePicker: dcadf6f65ee8e7d07ce733d7474c7e5ad9e4985c
  Parse: 712efbc476d4f47b0f96b70db7e53101575753aa
  RMActionController: 19423654600d40ca15132a4e548d005042d68f09
  RMPickerViewController: b94b078e1ef531a0b9dbc2e0c3004f91de50d978
  XCDYouTubeKit: 6aff378bcbbf06d058f2c2d2df655c376970ee03

COCOAPODS: 0.38.2
